Microsoft Visual Studio Solution File, Format Version 12.00
# Visual Studio 15
Project("{8BC9CEB8-8B4A-11D0-8D11-00A0C91BC942}") = "ALL_BUILD", "ALL_BUILD.vcxproj", "{0E0DFDAD-2A13-33A3-9ACC-9EDA8AFFBF54}"
	ProjectSection(ProjectDependencies) = postProject
		{3A0DCFE5-8E2E-34A0-8A5D-AD528CB6452A} = {3A0DCFE5-8E2E-34A0-8A5D-AD528CB6452A}
		{64EF91E3-9DE2-375A-99BF-4AF278F10DCE} = {64EF91E3-9DE2-375A-99BF-4AF278F10DCE}
		{69FC5FC3-51DF-3CAC-9AC9-28DD493FE5CB} = {69FC5FC3-51DF-3CAC-9AC9-28DD493FE5CB}
	EndProjectSection
EndProject
Project("{8BC9CEB8-8B4A-11D0-8D11-00A0C91BC942}") = "ClientLib", "Client\lib\ClientLib.vcxproj", "{3A0DCFE5-8E2E-34A0-8A5D-AD528CB6452A}"
	ProjectSection(ProjectDependencies) = postProject
		{69FC5FC3-51DF-3CAC-9AC9-28DD493FE5CB} = {69FC5FC3-51DF-3CAC-9AC9-28DD493FE5CB}
	EndProjectSection
EndProject
Project("{8BC9CEB8-8B4A-11D0-8D11-00A0C91BC942}") = "ClientLib_unity", "Client\lib\ClientLib_unity.vcxproj", "{3191627F-AD89-319C-BA90-9C42228D8A92}"
	ProjectSection(ProjectDependencies) = postProject
		{69FC5FC3-51DF-3CAC-9AC9-28DD493FE5CB} = {69FC5FC3-51DF-3CAC-9AC9-28DD493FE5CB}
	EndProjectSection
EndProject
Project("{8BC9CEB8-8B4A-11D0-8D11-00A0C91BC942}") = "ServerLib", "Server\lib\ServerLib.vcxproj", "{64EF91E3-9DE2-375A-99BF-4AF278F10DCE}"
	ProjectSection(ProjectDependencies) = postProject
		{69FC5FC3-51DF-3CAC-9AC9-28DD493FE5CB} = {69FC5FC3-51DF-3CAC-9AC9-28DD493FE5CB}
	EndProjectSection
EndProject
Project("{8BC9CEB8-8B4A-11D0-8D11-00A0C91BC942}") = "ServerLib_unity", "Server\lib\ServerLib_unity.vcxproj", "{AE2D75C3-3D0F-3C65-AE74-74C6E54DD99C}"
	ProjectSection(ProjectDependencies) = postProject
		{69FC5FC3-51DF-3CAC-9AC9-28DD493FE5CB} = {69FC5FC3-51DF-3CAC-9AC9-28DD493FE5CB}
	EndProjectSection
EndProject
Project("{8BC9CEB8-8B4A-11D0-8D11-00A0C91BC942}") = "ZERO_CHECK", "ZERO_CHECK.vcxproj", "{69FC5FC3-51DF-3CAC-9AC9-28DD493FE5CB}"
	ProjectSection(ProjectDependencies) = postProject
	EndProjectSection
EndProject
Project("{8BC9CEB8-8B4A-11D0-8D11-00A0C91BC942}") = "all_unity", "Client\lib\all_unity.vcxproj", "{48765883-4350-351A-8BD3-333DB3AA6437}"
	ProjectSection(ProjectDependencies) = postProject
		{3191627F-AD89-319C-BA90-9C42228D8A92} = {3191627F-AD89-319C-BA90-9C42228D8A92}
		{AE2D75C3-3D0F-3C65-AE74-74C6E54DD99C} = {AE2D75C3-3D0F-3C65-AE74-74C6E54DD99C}
		{69FC5FC3-51DF-3CAC-9AC9-28DD493FE5CB} = {69FC5FC3-51DF-3CAC-9AC9-28DD493FE5CB}
	EndProjectSection
EndProject
Project("{8BC9CEB8-8B4A-11D0-8D11-00A0C91BC942}") = "clean_cotire", "Client\lib\clean_cotire.vcxproj", "{C8F4A631-D2F4-3A8D-8E56-F1F25368CAB3}"
	ProjectSection(ProjectDependencies) = postProject
		{69FC5FC3-51DF-3CAC-9AC9-28DD493FE5CB} = {69FC5FC3-51DF-3CAC-9AC9-28DD493FE5CB}
	EndProjectSection
EndProject
Global
	GlobalSection(SolutionConfigurationPlatforms) = preSolution
		Debug|x64 = Debug|x64
		Release|x64 = Release|x64
		MinSizeRel|x64 = MinSizeRel|x64
		RelWithDebInfo|x64 = RelWithDebInfo|x64
	EndGlobalSection
	GlobalSection(ProjectConfigurationPlatforms) = postSolution
		{0E0DFDAD-2A13-33A3-9ACC-9EDA8AFFBF54}.Debug|x64.ActiveCfg = Debug|x64
		{0E0DFDAD-2A13-33A3-9ACC-9EDA8AFFBF54}.Release|x64.ActiveCfg = Release|x64
		{0E0DFDAD-2A13-33A3-9ACC-9EDA8AFFBF54}.MinSizeRel|x64.ActiveCfg = MinSizeRel|x64
		{0E0DFDAD-2A13-33A3-9ACC-9EDA8AFFBF54}.RelWithDebInfo|x64.ActiveCfg = RelWithDebInfo|x64
		{3A0DCFE5-8E2E-34A0-8A5D-AD528CB6452A}.Debug|x64.ActiveCfg = Debug|x64
		{3A0DCFE5-8E2E-34A0-8A5D-AD528CB6452A}.Debug|x64.Build.0 = Debug|x64
		{3A0DCFE5-8E2E-34A0-8A5D-AD528CB6452A}.Release|x64.ActiveCfg = Release|x64
		{3A0DCFE5-8E2E-34A0-8A5D-AD528CB6452A}.Release|x64.Build.0 = Release|x64
		{3A0DCFE5-8E2E-34A0-8A5D-AD528CB6452A}.MinSizeRel|x64.ActiveCfg = MinSizeRel|x64
		{3A0DCFE5-8E2E-34A0-8A5D-AD528CB6452A}.MinSizeRel|x64.Build.0 = MinSizeRel|x64
		{3A0DCFE5-8E2E-34A0-8A5D-AD528CB6452A}.RelWithDebInfo|x64.ActiveCfg = RelWithDebInfo|x64
		{3A0DCFE5-8E2E-34A0-8A5D-AD528CB6452A}.RelWithDebInfo|x64.Build.0 = RelWithDebInfo|x64
		{3191627F-AD89-319C-BA90-9C42228D8A92}.Debug|x64.ActiveCfg = Debug|x64
		{3191627F-AD89-319C-BA90-9C42228D8A92}.Release|x64.ActiveCfg = Release|x64
		{3191627F-AD89-319C-BA90-9C42228D8A92}.MinSizeRel|x64.ActiveCfg = MinSizeRel|x64
		{3191627F-AD89-319C-BA90-9C42228D8A92}.RelWithDebInfo|x64.ActiveCfg = RelWithDebInfo|x64
		{64EF91E3-9DE2-375A-99BF-4AF278F10DCE}.Debug|x64.ActiveCfg = Debug|x64
		{64EF91E3-9DE2-375A-99BF-4AF278F10DCE}.Debug|x64.Build.0 = Debug|x64
		{64EF91E3-9DE2-375A-99BF-4AF278F10DCE}.Release|x64.ActiveCfg = Release|x64
		{64EF91E3-9DE2-375A-99BF-4AF278F10DCE}.Release|x64.Build.0 = Release|x64
		{64EF91E3-9DE2-375A-99BF-4AF278F10DCE}.MinSizeRel|x64.ActiveCfg = MinSizeRel|x64
		{64EF91E3-9DE2-375A-99BF-4AF278F10DCE}.MinSizeRel|x64.Build.0 = MinSizeRel|x64
		{64EF91E3-9DE2-375A-99BF-4AF278F10DCE}.RelWithDebInfo|x64.ActiveCfg = RelWithDebInfo|x64
		{64EF91E3-9DE2-375A-99BF-4AF278F10DCE}.RelWithDebInfo|x64.Build.0 = RelWithDebInfo|x64
		{AE2D75C3-3D0F-3C65-AE74-74C6E54DD99C}.Debug|x64.ActiveCfg = Debug|x64
		{AE2D75C3-3D0F-3C65-AE74-74C6E54DD99C}.Release|x64.ActiveCfg = Release|x64
		{AE2D75C3-3D0F-3C65-AE74-74C6E54DD99C}.MinSizeRel|x64.ActiveCfg = MinSizeRel|x64
		{AE2D75C3-3D0F-3C65-AE74-74C6E54DD99C}.RelWithDebInfo|x64.ActiveCfg = RelWithDebInfo|x64
		{69FC5FC3-51DF-3CAC-9AC9-28DD493FE5CB}.Debug|x64.ActiveCfg = Debug|x64
		{69FC5FC3-51DF-3CAC-9AC9-28DD493FE5CB}.Debug|x64.Build.0 = Debug|x64
		{69FC5FC3-51DF-3CAC-9AC9-28DD493FE5CB}.Release|x64.ActiveCfg = Release|x64
		{69FC5FC3-51DF-3CAC-9AC9-28DD493FE5CB}.Release|x64.Build.0 = Release|x64
		{69FC5FC3-51DF-3CAC-9AC9-28DD493FE5CB}.MinSizeRel|x64.ActiveCfg = MinSizeRel|x64
		{69FC5FC3-51DF-3CAC-9AC9-28DD493FE5CB}.MinSizeRel|x64.Build.0 = MinSizeRel|x64
		{69FC5FC3-51DF-3CAC-9AC9-28DD493FE5CB}.RelWithDebInfo|x64.ActiveCfg = RelWithDebInfo|x64
		{69FC5FC3-51DF-3CAC-9AC9-28DD493FE5CB}.RelWithDebInfo|x64.Build.0 = RelWithDebInfo|x64
		{48765883-4350-351A-8BD3-333DB3AA6437}.Debug|x64.ActiveCfg = Debug|x64
		{48765883-4350-351A-8BD3-333DB3AA6437}.Release|x64.ActiveCfg = Release|x64
		{48765883-4350-351A-8BD3-333DB3AA6437}.MinSizeRel|x64.ActiveCfg = MinSizeRel|x64
		{48765883-4350-351A-8BD3-333DB3AA6437}.RelWithDebInfo|x64.ActiveCfg = RelWithDebInfo|x64
		{C8F4A631-D2F4-3A8D-8E56-F1F25368CAB3}.Debug|x64.ActiveCfg = Debug|x64
		{C8F4A631-D2F4-3A8D-8E56-F1F25368CAB3}.Release|x64.ActiveCfg = Release|x64
		{C8F4A631-D2F4-3A8D-8E56-F1F25368CAB3}.MinSizeRel|x64.ActiveCfg = MinSizeRel|x64
		{C8F4A631-D2F4-3A8D-8E56-F1F25368CAB3}.RelWithDebInfo|x64.ActiveCfg = RelWithDebInfo|x64
	EndGlobalSection
	GlobalSection(ExtensibilityGlobals) = postSolution
		SolutionGuid = {5CECF352-2D46-31D5-92ED-84E40069311E}
	EndGlobalSection
	GlobalSection(ExtensibilityAddIns) = postSolution
	EndGlobalSection
EndGlobal
